
Microsoft Visual Studio Solution File, Format Version 12.00
# Visual Studio 14
VisualStudioVersion = 14.0.25420.1
MinimumVisualStudioVersion = 10.0.40219.1
Project("{2150E333-8FDC-42A3-9474-1A3956D46DE8}") = "Tests", "Tests", "{778F787C-C430-43E6-996B-2983D29D51BD}"
EndProject
Project("{FAE04EC0-301F-11D3-BF4B-00C04F79EFBC}") = "Hangfire.RecurringDateRange", "Hangfire.RecurringDateRange\Hangfire.RecurringDateRange.csproj", "{3F4A119F-155B-4800-8C81-2F16CBB7268A}"
EndProject
Project("{FAE04EC0-301F-11D3-BF4B-00C04F79EFBC}") = "Hangfire.RecurringDateRange.Tests", "Hangfire.RecurringDateRange.Tests\Hangfire.RecurringDateRange.Tests.csproj", "{385ECFE7-A9DB-4CD9-91B1-63A6DCD7AC26}"
EndProject
Global
	GlobalSection(SolutionConfigurationPlatforms) = preSolution
		Debug|Any CPU = Debug|Any CPU
		Release|Any CPU = Release|Any CPU
	EndGlobalSection
	GlobalSection(ProjectConfigurationPlatforms) = postSolution
		{3F4A119F-155B-4800-8C81-2F16CBB7268A}.Debug|Any CPU.ActiveCfg = Debug|Any CPU
		{3F4A119F-155B-4800-8C81-2F16CBB7268A}.Debug|Any CPU.Build.0 = Debug|Any CPU
		{3F4A119F-155B-4800-8C81-2F16CBB7268A}.Release|Any CPU.ActiveCfg = Release|Any CPU
		{3F4A119F-155B-4800-8C81-2F16CBB7268A}.Release|Any CPU.Build.0 = Release|Any CPU
		{385ECFE7-A9DB-4CD9-91B1-63A6DCD7AC26}.Debug|Any CPU.ActiveCfg = Debug|Any CPU
		{385ECFE7-A9DB-4CD9-91B1-63A6DCD7AC26}.Debug|Any CPU.Build.0 = Debug|Any CPU
		{385ECFE7-A9DB-4CD9-91B1-63A6DCD7AC26}.Release|Any CPU.ActiveCfg = Release|Any CPU
		{385ECFE7-A9DB-4CD9-91B1-63A6DCD7AC26}.Release|Any CPU.Build.0 = Release|Any CPU
	EndGlobalSection
	GlobalSection(SolutionProperties) = preSolution
		HideSolutionNode = FALSE
	EndGlobalSection
	GlobalSection(NestedProjects) = preSolution
		{385ECFE7-A9DB-4CD9-91B1-63A6DCD7AC26} = {778F787C-C430-43E6-996B-2983D29D51BD}
	EndGlobalSection
EndGlobal
